<?xml version="1.0" encoding="utf-8"?>
<Project ToolsVersion="4.0" xmlns="http://schemas.microsoft.com/developer/msbuild/2003">
  <ItemGroup>
    <Filter Include="Source Files">
      <UniqueIdentifier>{AAF679D4-7B69-4D72-9BC9-904864810553}</UniqueIdentifier>
      <Extensions>cpp;c;cc;cxx;def;odl;idl;hpj;bat;asm;asmx</Extensions>
    </Filter>
    <Filter Include="Header Files">
      <UniqueIdentifier>{2743CC8B-2D2E-44B4-A438-F293D28124D4}</UniqueIdentifier>
      <Extensions>h;hpp;hxx;hm;inl;inc;xsd</Extensions>
    </Filter>
     <Filter Include="Resources">
      <UniqueIdentifier>{F2F9244C-E150-4C68-B6C9-9BC3109C47E4}</UniqueIdentifier>
    </Filter>   
  </ItemGroup>
  <ItemGroup>
    <ClCompile Include="plugin.cpp">
      <Filter>Source Files</Filter>
    </ClCompile>
    <ClCompile Include="RackAFXDLL.cpp">
      <Filter>Source Files</Filter>
    </ClCompile>
    <ClCompile Include="StereoLCRChorus.cpp">
      <Filter>Source Files</Filter>
    </ClCompile>
  </ItemGroup>
  <ItemGroup>
    <ClInclude Include="plugin.h">
      <Filter>Header Files</Filter>
    </ClInclude>
    <ClInclude Include="pluginconstants.h">
      <Filter>Header Files</Filter>
    </ClInclude>
    <ClInclude Include="RackAFXDLL.h">
      <Filter>Header Files</Filter>
    </ClInclude>
    <ClInclude Include="StereoLCRChorus.h">
      <Filter>Header Files</Filter>
    </ClInclude>
    <ClInclude Include="resource.h">
      <Filter>Resources</Filter>
    </ClInclude>
  </ItemGroup>
   <ItemGroup>
      <Image Include="resources\knobvst.png">
        <Filter>Resources</Filter>
      </Image>
    </ItemGroup>
    <ItemGroup>
      <ResourceCompile Include="StereoLCRChorus.rc">
        <Filter>Resources</Filter>
      </ResourceCompile>
    </ItemGroup>
    <ItemGroup>
      <None Include="RackAFX.uidesc">
        <Filter>Resources</Filter>
      </None>
  </ItemGroup>
</Project>

