<?xml version="1.0" encoding="utf-8"?>
<Project ToolsVersion="4.0" xmlns="http://schemas.microsoft.com/developer/msbuild/2003">
  <ItemGroup>
    <Filter Include="Source Files">
      <UniqueIdentifier>{2201C6A3-61AD-4631-A287-B7BC50D09BC5}</UniqueIdentifier>
      <Extensions>cpp;c;cc;cxx;def;odl;idl;hpj;bat;asm;asmx</Extensions>
    </Filter>
    <Filter Include="Header Files">
      <UniqueIdentifier>{227CDD24-6B6C-4D31-B219-45C0622C54EA}</UniqueIdentifier>
      <Extensions>h;hpp;hxx;hm;inl;inc;xsd</Extensions>
    </Filter>
     <Filter Include="Resources">
      <UniqueIdentifier>{0FB5F769-6907-4F1E-8AC2-3CB3CE836811}</UniqueIdentifier>
    </Filter>   
  </ItemGroup>
  <ItemGroup>
    <ClCompile Include="plugin.cpp">
      <Filter>Source Files</Filter>
    </ClCompile>
    <ClCompile Include="RackAFXDLL.cpp">
      <Filter>Source Files</Filter>
    </ClCompile>
    <ClCompile Include="Resonnator.cpp">
      <Filter>Source Files</Filter>
    </ClCompile>
  </ItemGroup>
  <ItemGroup>
    <ClInclude Include="plugin.h">
      <Filter>Header Files</Filter>
    </ClInclude>
    <ClInclude Include="pluginconstants.h">
      <Filter>Header Files</Filter>
    </ClInclude>
    <ClInclude Include="RackAFXDLL.h">
      <Filter>Header Files</Filter>
    </ClInclude>
    <ClInclude Include="Resonnator.h">
      <Filter>Header Files</Filter>
    </ClInclude>
    <ClInclude Include="resource.h">
      <Filter>Resources</Filter>
    </ClInclude>
  </ItemGroup>
   <ItemGroup>
      <Image Include="resources\knobvst.png">
        <Filter>Resources</Filter>
      </Image>
    </ItemGroup>
    <ItemGroup>
      <ResourceCompile Include="Resonnator.rc">
        <Filter>Resources</Filter>
      </ResourceCompile>
    </ItemGroup>
    <ItemGroup>
      <None Include="RackAFX.uidesc">
        <Filter>Resources</Filter>
      </None>
  </ItemGroup>
</Project>

