<?xml version="1.0" encoding="utf-8"?>
<Project ToolsVersion="4.0" xmlns="http://schemas.microsoft.com/developer/msbuild/2003">
  <ItemGroup>
    <Filter Include="Source Files">
      <UniqueIdentifier>{F12B9EFD-5629-4501-B004-60D05E581B87}</UniqueIdentifier>
      <Extensions>cpp;c;cc;cxx;def;odl;idl;hpj;bat;asm;asmx</Extensions>
    </Filter>
    <Filter Include="Header Files">
      <UniqueIdentifier>{004FC872-5215-405E-9CE5-586BA6F6C150}</UniqueIdentifier>
      <Extensions>h;hpp;hxx;hm;inl;inc;xsd</Extensions>
    </Filter>
     <Filter Include="Resources">
      <UniqueIdentifier>{1301F2BE-BF2F-4BA3-8B6A-9CEC290F41CC}</UniqueIdentifier>
    </Filter>   
  </ItemGroup>
  <ItemGroup>
    <ClCompile Include="plugin.cpp">
      <Filter>Source Files</Filter>
    </ClCompile>
    <ClCompile Include="RackAFXDLL.cpp">
      <Filter>Source Files</Filter>
    </ClCompile>
    <ClCompile Include="WTOscilltor.cpp">
      <Filter>Source Files</Filter>
    </ClCompile>
  </ItemGroup>
  <ItemGroup>
    <ClInclude Include="plugin.h">
      <Filter>Header Files</Filter>
    </ClInclude>
    <ClInclude Include="pluginconstants.h">
      <Filter>Header Files</Filter>
    </ClInclude>
    <ClInclude Include="RackAFXDLL.h">
      <Filter>Header Files</Filter>
    </ClInclude>
    <ClInclude Include="WTOscilltor.h">
      <Filter>Header Files</Filter>
    </ClInclude>
    <ClInclude Include="resource.h">
      <Filter>Resources</Filter>
    </ClInclude>
  </ItemGroup>
   <ItemGroup>
      <Image Include="resources\knobvst.png">
        <Filter>Resources</Filter>
      </Image>
    </ItemGroup>
    <ItemGroup>
      <ResourceCompile Include="WTOscilltor.rc">
        <Filter>Resources</Filter>
      </ResourceCompile>
    </ItemGroup>
    <ItemGroup>
      <None Include="RackAFX.uidesc">
        <Filter>Resources</Filter>
      </None>
  </ItemGroup>
</Project>

